// !$*UTF8*$!
{
	archiveVersion = 1;
	classes = {
	};
	objectVersion = 77;
	objects = {

/* Begin PBXBuildFile section */
		3B6EBDA72F352D41001CC3D1 /* AppIntents.swift in Sources */ = {isa = PBXBuildFile; fileRef = 3B6EBDA62F352D41001CC3D1 /* AppIntents.swift */; };
/* End PBXBuildFile section */

/* Begin PBXContainerItemProxy section */
		3B33BCDA2F33D8DF0021499B /* PBXContainerItemProxy */ = {
			isa = PBXContainerItemProxy;
			containerPortal = 3B33BCC02F33D8DD0021499B /* Project object */;
			proxyType = 1;
			remoteGlobalIDString = 3B33BCC72F33D8DD0021499B;
			remoteInfo = "Cooking Timer";
		};
		3B33BCE42F33D8DF0021499B /* PBXContainerItemProxy */ = {
			isa = PBXContainerItemProxy;
			containerPortal = 3B33BCC02F33D8DD0021499B /* Project object */;
			proxyType = 1;
			remoteGlobalIDString = 3B33BCC72F33D8DD0021499B;
			remoteInfo = "Cooking Timer";
		};
/* End PBXContainerItemProxy section */

/* Begin PBXFileReference section */
		3B33BCC82F33D8DD0021499B /* Cooking Timer.app */ = {isa = PBXFileReference; explicitFileType = wrapper.application; includeInIndex = 0; path = "Cooking Timer.app"; sourceTree = BUILT_PRODUCTS_DIR; };
		3B33BCD92F33D8DF0021499B /* Cooking TimerTests.xctest */ = {isa = PBXFileReference; explicitFileType = wrapper.cfbundle; includeInIndex = 0; path = "Cooking TimerTests.xctest"; sourceTree = BUILT_PRODUCTS_DIR; };
		3B33BCE32F33D8DF0021499B /* Cooking TimerUITests.xctest */ = {isa = PBXFileReference; explicitFileType = wrapper.cfbundle; includeInIndex = 0; path = "Cooking TimerUITests.xctest"; sourceTree = BUILT_PRODUCTS_DIR; };
		3B6EBDA62F352D41001CC3D1 /* AppIntents.swift */ = {isa = PBXFileReference; lastKnownFileType = sourcecode.swift; path = AppIntents.swift; sourceTree = "<group>"; };
/* End PBXFileReference section */

/* Begin PBXFileSystemSynchronizedBuildFileExceptionSet section */
		3B33BCEB2F33D8DF0021499B /* Exceptions for "Cooking Timer" folder in "Cooking Timer" target */ = {
			isa = PBXFileSystemSynchronizedBuildFileExceptionSet;
			membershipExceptions = (
				Info.plist,
			);
			target = 3B33BCC72F33D8DD0021499B /* Cooking Timer */;
		};
/* End PBXFileSystemSynchronizedBuildFileExceptionSet section */

/* Begin PBXFileSystemSynchronizedRootGroup section */
		3B33BCCA2F33D8DD0021499B /* Cooking Timer */ = {
			isa = PBXFileSystemSynchronizedRootGroup;
			exceptions = (
				3B33BCEB2F33D8DF0021499B /* Exceptions for "Cooking Timer" folder in "Cooking Timer" target */,
			);
			path = "Cooking Timer";
			sourceTree = "<group>";
		};
		3B33BCDC2F33D8DF0021499B /* Cooking TimerTests */ = {
			isa = PBXFileSystemSynchronizedRootGroup;
			path = "Cooking TimerTests";
			sourceTree = "<group>";
		};
		3B33BCE62F33D8DF0021499B /* Cooking TimerUITests */ = {
			isa = PBXFileSystemSynchronizedRootGroup;
			path = "Cooking TimerUITests";
			sourceTree = "<group>";
		};
/* End PBXFileSystemSynchronizedRootGroup section */

/* Begin PBXFrameworksBuildPhase section */
		3B33BCC52F33D8DD0021499B /* Frameworks */ = {
			isa = PBXFrameworksBuildPhase;
			buildActionMask = 2147483647;
			files = (
			);
			runOnlyForDeploymentPostprocessing = 0;
		};
		3B33BCD62F33D8DF0021499B /* Frameworks */ = {
			isa = PBXFrameworksBuildPhase;
			buildActionMask = 2147483647;
			files = (
			);
			runOnlyForDeploymentPostprocessing = 0;
		};
		3B33BCE02F33D8DF0021499B /* Frameworks */ = {
			isa = PBXFrameworksBuildPhase;
			buildActionMask = 2147483647;
			files = (
			);
			runOnlyForDeploymentPostprocessing = 0;
		};
/* End PBXFrameworksBuildPhase section */

/* Begin PBXGroup section */
		3B33BCBF2F33D8DD0021499B = {
			isa = PBXGroup;
			children = (
				3B33BCCA2F33D8DD0021499B /* Cooking Timer */,
				3B33BCDC2F33D8DF0021499B /* Cooking TimerTests */,
				3B33BCE62F33D8DF0021499B /* Cooking TimerUITests */,
				3B33BCC92F33D8DD0021499B /* Products */,
				3B6EBDA62F352D41001CC3D1 /* AppIntents.swift */,
			);
			sourceTree = "<group>";
		};
		3B33BCC92F33D8DD0021499B /* Products */ = {
			isa = PBXGroup;
			children = (
				3B33BCC82F33D8DD0021499B /* Cooking Timer.app */,
				3B33BCD92F33D8DF0021499B /* Cooking TimerTests.xctest */,
				3B33BCE32F33D8DF0021499B /* Cooking TimerUITests.xctest */,
			);
			name = Products;
			sourceTree = "<group>";
		};
/* End PBXGroup section */

/* Begin PBXNativeTarget section */
		3B33BCC72F33D8DD0021499B /* Cooking Timer */ = {
			isa = PBXNativeTarget;
			buildConfigurationList = 3B33BCEC2F33D8DF0021499B /* Build configuration list for PBXNativeTarget "Cooking Timer" */;
			buildPhases = (
				3B33BCC42F33D8DD0021499B /* Sources */,
				3B33BCC52F33D8DD0021499B /* Frameworks */,
				3B33BCC62F33D8DD0021499B /* Resources */,
			);
			buildRules = (
			);
			dependencies = (
			);
			fileSystemSynchronizedGroups = (
				3B33BCCA2F33D8DD0021499B /* Cooking Timer */,
			);
			name = "Cooking Timer";
			packageProductDependencies = (
			);
			productName = "Cooking Timer";
			productReference = 3B33BCC82F33D8DD0021499B /* Cooking Timer.app */;
			productType = "com.apple.product-type.application";
		};
		3B33BCD82F33D8DF0021499B /* Cooking TimerTests */ = {
			isa = PBXNativeTarget;
			buildConfigurationList = 3B33BCF12F33D8DF0021499B /* Build configuration list for PBXNativeTarget "Cooking TimerTests" */;
			buildPhases = (
				3B33BCD52F33D8DF0021499B /* Sources */,
				3B33BCD62F33D8DF0021499B /* Frameworks */,
				3B33BCD72F33D8DF0021499B /* Resources */,
			);
			buildRules = (
			);
			dependencies = (
				3B33BCDB2F33D8DF0021499B /* PBXTargetDependency */,
			);
			fileSystemSynchronizedGroups = (
				3B33BCDC2F33D8DF0021499B /* Cooking TimerTests */,
			);
			name = "Cooking TimerTests";
			packageProductDependencies = (
			);
			productName = "Cooking TimerTests";
			productReference = 3B33BCD92F33D8DF0021499B /* Cooking TimerTests.xctest */;
			productType = "com.apple.product-type.bundle.unit-test";
		};
		3B33BCE22F33D8DF0021499B /* Cooking TimerUITests */ = {
			isa = PBXNativeTarget;
			buildConfigurationList = 3B33BCF42F33D8DF0021499B /* Build configuration list for PBXNativeTarget "Cooking TimerUITests" */;
			buildPhases = (
				3B33BCDF2F33D8DF0021499B /* Sources */,
				3B33BCE02F33D8DF0021499B /* Frameworks */,
				3B33BCE12F33D8DF0021499B /* Resources */,
			);
			buildRules = (
			);
			dependencies = (
				3B33BCE52F33D8DF0021499B /* PBXTargetDependency */,
			);
			fileSystemSynchronizedGroups = (
				3B33BCE62F33D8DF0021499B /* Cooking TimerUITests */,
			);
			name = "Cooking TimerUITests";
			packageProductDependencies = (
			);
			productName = "Cooking TimerUITests";
			productReference = 3B33BCE32F33D8DF0021499B /* Cooking TimerUITests.xctest */;
			productType = "com.apple.product-type.bundle.ui-testing";
		};
/* End PBXNativeTarget section */

/* Begin PBXProject section */
		3B33BCC02F33D8DD0021499B /* Project object */ = {
			isa = PBXProject;
			attributes = {
				BuildIndependentTargetsInParallel = 1;
				LastSwiftUpdateCheck = 2620;
				LastUpgradeCheck = 2620;
				TargetAttributes = {
					3B33BCC72F33D8DD0021499B = {
						CreatedOnToolsVersion = 26.2;
					};
					3B33BCD82F33D8DF0021499B = {
						CreatedOnToolsVersion = 26.2;
						TestTargetID = 3B33BCC72F33D8DD0021499B;
					};
					3B33BCE22F33D8DF0021499B = {
						CreatedOnToolsVersion = 26.2;
						TestTargetID = 3B33BCC72F33D8DD0021499B;
					};
				};
			};
			buildConfigurationList = 3B33BCC32F33D8DD0021499B /* Build configuration list for PBXProject "Cooking Timer" */;
			developmentRegion = en;
			hasScannedForEncodings = 0;
			knownRegions = (
				en,
				Base,
			);
			mainGroup = 3B33BCBF2F33D8DD0021499B;
			minimizedProjectReferenceProxies = 1;
			preferredProjectObjectVersion = 77;
			productRefGroup = 3B33BCC92F33D8DD0021499B /* Products */;
			projectDirPath = "";
			projectRoot = "";
			targets = (
				3B33BCC72F33D8DD0021499B /* Cooking Timer */,
				3B33BCD82F33D8DF0021499B /* Cooking TimerTests */,
				3B33BCE22F33D8DF0021499B /* Cooking TimerUITests */,
			);
		};
/* End PBXProject section */

/* Begin PBXResourcesBuildPhase section */
		3B33BCC62F33D8DD0021499B /* Resources */ = {
			isa = PBXResourcesBuildPhase;
			buildActionMask = 2147483647;
			files = (
			);
			runOnlyForDeploymentPostprocessing = 0;
		};
		3B33BCD72F33D8DF0021499B /* Resources */ = {
			isa = PBXResourcesBuildPhase;
			buildActionMask = 2147483647;
			files = (
			);
			runOnlyForDeploymentPostprocessing = 0;
		};
		3B33BCE12F33D8DF0021499B /* Resources */ = {
			isa = PBXResourcesBuildPhase;
			buildActionMask = 2147483647;
			files = (
			);
			runOnlyForDeploymentPostprocessing = 0;
		};
/* End PBXResourcesBuildPhase section */

/* Begin PBXSourcesBuildPhase section */
		3B33BCC42F33D8DD0021499B /* Sources */ = {
			isa = PBXSourcesBuildPhase;
			buildActionMask = 2147483647;
			files = (
				3B6EBDA72F352D41001CC3D1 /* AppIntents.swift in Sources */,
			);
			runOnlyForDeploymentPostprocessing = 0;
		};
		3B33BCD52F33D8DF0021499B /* Sources */ = {
			isa = PBXSourcesBuildPhase;
			buildActionMask = 2147483647;
			files = (
			);
			runOnlyForDeploymentPostprocessing = 0;
		};
		3B33BCDF2F33D8DF0021499B /* Sources */ = {
			isa = PBXSourcesBuildPhase;
			buildActionMask = 2147483647;
			files = (
			);
			runOnlyForDeploymentPostprocessing = 0;
		};
/* End PBXSourcesBuildPhase section */

/* Begin PBXTargetDependency section */
		3B33BCDB2F33D8DF0021499B /* PBXTargetDependency */ = {
			isa = PBXTargetDependency;
			target = 3B33BCC72F33D8DD0021499B /* Cooking Timer */;
			targetProxy = 3B33BCDA2F33D8DF0021499B /* PBXContainerItemProxy */;
		};
		3B33BCE52F33D8DF0021499B /* PBXTargetDependency */ = {
			isa = PBXTargetDependency;
			target = 3B33BCC72F33D8DD0021499B /* Cooking Timer */;
			targetProxy = 3B33BCE42F33D8DF0021499B /* PBXContainerItemProxy */;
		};
/* End PBXTargetDependency section */

/* Begin XCBuildConfiguration section */
		3B33BCED2F33D8DF0021499B /* Debug */ = {
			isa = XCBuildConfiguration;
			buildSettings = {
				ASSETCATALOG_COMPILER_APPICON_NAME = AppIcon;
				ASSETCATALOG_COMPILER_GLOBAL_ACCENT_COLOR_NAME = AccentColor;
				CODE_SIGN_ENTITLEMENTS = "Cooking Timer/Cooking_Timer.entitlements";
				CODE_SIGN_STYLE = Automatic;
				CURRENT_PROJECT_VERSION = 1;
				ENABLE_PREVIEWS = YES;
				GENERATE_INFOPLIST_FILE = YES;
				INFOPLIST_FILE = "Cooking Timer/Info.plist";
				INFOPLIST_KEY_UIApplicationSceneManifest_Generation = YES;
				INFOPLIST_KEY_UIApplicationSupportsIndirectInputEvents = YES;
				INFOPLIST_KEY_UILaunchScreen_Generation = YES;
				INFOPLIST_KEY_UISupportedInterfaceOrientations_iPad = "UIInterfaceOrientationPortrait UIInterfaceOrientationPortraitUpsideDown UIInterfaceOrientationLandscapeLeft UIInterfaceOrientationLandscapeRight";
				INFOPLIST_KEY_UISupportedInterfaceOrientations_iPhone = "UIInterfaceOrientationPortrait UIInterfaceOrientationLandscapeLeft UIInterfaceOrientationLandscapeRight";
				LD_RUNPATH_SEARCH_PATHS = (
					"$(inherited)",
					"@executable_path/Frameworks",
				);
				MARKETING_VERSION = 1.0;
				PRODUCT_BUNDLE_IDENTIFIER = "com.reconnectingit.Cooking-Timer";
				PRODUCT_NAME = "$(TARGET_NAME)";
				STRING_CATALOG_GENERATE_SYMBOLS = YES;
				SWIFT_APPROACHABLE_CONCURRENCY = YES;
				SWIFT_DEFAULT_ACTOR_ISOLATION = MainActor;
				SWIFT_EMIT_LOC_STRINGS = YES;
				SWIFT_UPCOMING_FEATURE_MEMBER_IMPORT_VISIBILITY = YES;
				SWIFT_VERSION = 5.0;
				TARGETED_DEVICE_FAMILY = "1,2";
			};
			name = Debug;
		};
		3B33BCEE2F33D8DF0021499B /* Release */ = {
			isa = XCBuildConfiguration;
			buildSettings = {
				ASSETCATALOG_COMPILER_APPICON_NAME = AppIcon;
				ASSETCATALOG_COMPILER_GLOBAL_ACCENT_COLOR_NAME = AccentColor;
				CODE_SIGN_ENTITLEMENTS = "Cooking Timer/Cooking_Timer.entitlements";
				CODE_SIGN_STYLE = Automatic;
				CURRENT_PROJECT_VERSION = 1;
				ENABLE_PREVIEWS = YES;
				GENERATE_INFOPLIST_FILE = YES;
				INFOPLIST_FILE = "Cooking Timer/Info.plist";
				INFOPLIST_KEY_UIApplicationSceneManifest_Generation = YES;
				INFOPLIST_KEY_UIApplicationSupportsIndirectInputEvents = YES;
				INFOPLIST_KEY_UILaunchScreen_Generation = YES;
				INFOPLIST_KEY_UISupportedInterfaceOrientations_iPad = "UIInterfaceOrientationPortrait UIInterfaceOrientationPortraitUpsideDown UIInterfaceOrientationLandscapeLeft UIInterfaceOrientationLandscapeRight";
				INFOPLIST_KEY_UISupportedInterfaceOrientations_iPhone = "UIInterfaceOrientationPortrait UIInterfaceOrientationLandscapeLeft UIInterfaceOrientationLandscapeRight";
				LD_RUNPATH_SEARCH_PATHS = (
					"$(inherited)",
					"@executable_path/Frameworks",
				);
				MARKETING_VERSION = 1.0;
				PRODUCT_BUNDLE_IDENTIFIER = "com.reconnectingit.Cooking-Timer";
				PRODUCT_NAME = "$(TARGET_NAME)";
				STRING_CATALOG_GENERATE_SYMBOLS = YES;
				SWIFT_APPROACHABLE_CONCURRENCY = YES;
				SWIFT_DEFAULT_ACTOR_ISOLATION = MainActor;
				SWIFT_EMIT_LOC_STRINGS = YES;
				SWIFT_UPCOMING_FEATURE_MEMBER_IMPORT_VISIBILITY = YES;
				SWIFT_VERSION = 5.0;
				TARGETED_DEVICE_FAMILY = "1,2";
			};
			name = Release;
		};
		3B33BCEF2F33D8DF0021499B /* Debug */ = {
			isa = XCBuildConfiguration;
			buildSettings = {
				ALWAYS_SEARCH_USER_PATHS = NO;
				ASSETCATALOG_COMPILER_GENERATE_SWIFT_ASSET_SYMBOL_EXTENSIONS = YES;
				CLANG_ANALYZER_NONNULL = YES;
				CLANG_ANALYZER_NUMBER_OBJECT_CONVERSION = YES_AGGRESSIVE;
				CLANG_CXX_LANGUAGE_STANDARD = "gnu++20";
				CLANG_ENABLE_MODULES = YES;
				CLANG_ENABLE_OBJC_ARC = YES;
				CLANG_ENABLE_OBJC_WEAK = YES;
				CLANG_WARN_BLOCK_CAPTURE_AUTORELEASING = YES;
				CLANG_WARN_BOOL_CONVERSION = YES;
				CLANG_WARN_COMMA = YES;
				CLANG_WARN_CONSTANT_CONVERSION = YES;
				CLANG_WARN_DEPRECATED_OBJC_IMPLEMENTATIONS = YES;
				CLANG_WARN_DIRECT_OBJC_ISA_USAGE = YES_ERROR;
				CLANG_WARN_DOCUMENTATION_COMMENTS = YES;
				CLANG_WARN_EMPTY_BODY = YES;
				CLANG_WARN_ENUM_CONVERSION = YES;
				CLANG_WARN_INFINITE_RECURSION = YES;
				CLANG_WARN_INT_CONVERSION = YES;
				CLANG_WARN_NON_LITERAL_NULL_CONVERSION = YES;
				CLANG_WARN_OBJC_IMPLICIT_RETAIN_SELF = YES;
				CLANG_WARN_OBJC_LITERAL_CONVERSION = YES;
				CLANG_WARN_OBJC_ROOT_CLASS = YES_ERROR;
				CLANG_WARN_QUOTED_INCLUDE_IN_FRAMEWORK_HEADER = YES;
				CLANG_WARN_RANGE_LOOP_ANALYSIS = YES;
				CLANG_WARN_STRICT_PROTOTYPES = YES;
				CLANG_WARN_SUSPICIOUS_MOVE = YES;
				CLANG_WARN_UNGUARDED_AVAILABILITY = YES_AGGRESSIVE;
				CLANG_WARN_UNREACHABLE_CODE = YES;
				CLANG_WARN__DUPLICATE_METHOD_MATCH = YES;
				COPY_PHASE_STRIP = NO;
				DEBUG_INFORMATION_FORMAT = dwarf;
				ENABLE_STRICT_OBJC_MSGSEND = YES;
				ENABLE_TESTABILITY = YES;
				ENABLE_USER_SCRIPT_SANDBOXING = YES;
				GCC_C_LANGUAGE_STANDARD = gnu17;
				GCC_DYNAMIC_NO_PIC = NO;
				GCC_NO_COMMON_BLOCKS = YES;
				GCC_OPTIMIZATION_LEVEL = 0;
				GCC_PREPROCESSOR_DEFINITIONS = (
					"DEBUG=1",
					"$(inherited)",
				);
				GCC_WARN_64_TO_32_BIT_CONVERSION = YES;
				GCC_WARN_ABOUT_RETURN_TYPE = YES_ERROR;
				GCC_WARN_UNDECLARED_SELECTOR = YES;
				GCC_WARN_UNINITIALIZED_AUTOS = YES_AGGRESSIVE;
				GCC_WARN_UNUSED_FUNCTION = YES;
				GCC_WARN_UNUSED_VARIABLE = YES;
				IPHONEOS_DEPLOYMENT_TARGET = 26.2;
				LOCALIZATION_PREFERS_STRING_CATALOGS = YES;
				MTL_ENABLE_DEBUG_INFO = INCLUDE_SOURCE;
				MTL_FAST_MATH = YES;
				ONLY_ACTIVE_ARCH = YES;
				SDKROOT = iphoneos;
				SWIFT_ACTIVE_COMPILATION_CONDITIONS = "DEBUG $(inherited)";
				SWIFT_OPTIMIZATION_LEVEL = "-Onone";
			};
			name = Debug;
		};
		3B33BCF02F33D8DF0021499B /* Release */ = {
			isa = XCBuildConfiguration;
			buildSettings = {
				ALWAYS_SEARCH_USER_PATHS = NO;
				ASSETCATALOG_COMPILER_GENERATE_SWIFT_ASSET_SYMBOL_EXTENSIONS = YES;
				CLANG_ANALYZER_NONNULL = YES;
				CLANG_ANALYZER_NUMBER_OBJECT_CONVERSION = YES_AGGRESSIVE;
				CLANG_CXX_LANGUAGE_STANDARD = "gnu++20";
				CLANG_ENABLE_MODULES = YES;
				CLANG_ENABLE_OBJC_ARC = YES;
				CLANG_ENABLE_OBJC_WEAK = YES;
				CLANG_WARN_BLOCK_CAPTURE_AUTORELEASING = YES;
				CLANG_WARN_BOOL_CONVERSION = YES;
				CLANG_WARN_COMMA = YES;
				CLANG_WARN_CONSTANT_CONVERSION = YES;
				CLANG_WARN_DEPRECATED_OBJC_IMPLEMENTATIONS = YES;
				CLANG_WARN_DIRECT_OBJC_ISA_USAGE = YES_ERROR;
				CLANG_WARN_DOCUMENTATION_COMMENTS = YES;
				CLANG_WARN_EMPTY_BODY = YES;
				CLANG_WARN_ENUM_CONVERSION = YES;
				CLANG_WARN_INFINITE_RECURSION = YES;
				CLANG_WARN_INT_CONVERSION = YES;
				CLANG_WARN_NON_LITERAL_NULL_CONVERSION = YES;
				CLANG_WARN_OBJC_IMPLICIT_RETAIN_SELF = YES;
				CLANG_WARN_OBJC_LITERAL_CONVERSION = YES;
				CLANG_WARN_OBJC_ROOT_CLASS = YES_ERROR;
				CLANG_WARN_QUOTED_INCLUDE_IN_FRAMEWORK_HEADER = YES;
				CLANG_WARN_RANGE_LOOP_ANALYSIS = YES;
				CLANG_WARN_STRICT_PROTOTYPES = YES;
				CLANG_WARN_SUSPICIOUS_MOVE = YES;
				CLANG_WARN_UNGUARDED_AVAILABILITY = YES_AGGRESSIVE;
				CLANG_WARN_UNREACHABLE_CODE = YES;
				CLANG_WARN__DUPLICATE_METHOD_MATCH = YES;
				COPY_PHASE_STRIP = NO;
				DEBUG_INFORMATION_FORMAT = "dwarf-with-dsym";
				ENABLE_NS_ASSERTIONS = NO;
				ENABLE_STRICT_OBJC_MSGSEND = YES;
				ENABLE_USER_SCRIPT_SANDBOXING = YES;
				GCC_C_LANGUAGE_STANDARD = gnu17;
				GCC_NO_COMMON_BLOCKS = YES;
				GCC_WARN_64_TO_32_BIT_CONVERSION = YES;
				GCC_WARN_ABOUT_RETURN_TYPE = YES_ERROR;
				GCC_WARN_UNDECLARED_SELECTOR = YES;
				GCC_WARN_UNINITIALIZED_AUTOS = YES_AGGRESSIVE;
				GCC_WARN_UNUSED_FUNCTION = YES;
				GCC_WARN_UNUSED_VARIABLE = YES;
				IPHONEOS_DEPLOYMENT_TARGET = 26.2;
				LOCALIZATION_PREFERS_STRING_CATALOGS = YES;
				MTL_ENABLE_DEBUG_INFO = NO;
				MTL_FAST_MATH = YES;
				SDKROOT = iphoneos;
				SWIFT_COMPILATION_MODE = wholemodule;
				VALIDATE_PRODUCT = YES;
			};
			name = Release;
		};
		3B33BCF22F33D8DF0021499B /* Debug */ = {
			isa = XCBuildConfiguration;
			buildSettings = {
				BUNDLE_LOADER = "$(TEST_HOST)";
				CODE_SIGN_STYLE = Automatic;
				CURRENT_PROJECT_VERSION = 1;
				GENERATE_INFOPLIST_FILE = YES;
				IPHONEOS_DEPLOYMENT_TARGET = 26.2;
				MARKETING_VERSION = 1.0;
				PRODUCT_BUNDLE_IDENTIFIER = "com.reconnectingit.Cooking-TimerTests";
				PRODUCT_NAME = "$(TARGET_NAME)";
				STRING_CATALOG_GENERATE_SYMBOLS = NO;
				SWIFT_APPROACHABLE_CONCURRENCY = YES;
				SWIFT_EMIT_LOC_STRINGS = NO;
				SWIFT_UPCOMING_FEATURE_MEMBER_IMPORT_VISIBILITY = YES;
				SWIFT_VERSION = 5.0;
				TARGETED_DEVICE_FAMILY = "1,2";
				TEST_HOST = "$(BUILT_PRODUCTS_DIR)/Cooking Timer.app/$(BUNDLE_EXECUTABLE_FOLDER_PATH)/Cooking Timer";
			};
			name = Debug;
		};
		3B33BCF32F33D8DF0021499B /* Release */ = {
			isa = XCBuildConfiguration;
			buildSettings = {
				BUNDLE_LOADER = "$(TEST_HOST)";
				CODE_SIGN_STYLE = Automatic;
				CURRENT_PROJECT_VERSION = 1;
				GENERATE_INFOPLIST_FILE = YES;
				IPHONEOS_DEPLOYMENT_TARGET = 26.2;
				MARKETING_VERSION = 1.0;
				PRODUCT_BUNDLE_IDENTIFIER = "com.reconnectingit.Cooking-TimerTests";
				PRODUCT_NAME = "$(TARGET_NAME)";
				STRING_CATALOG_GENERATE_SYMBOLS = NO;
				SWIFT_APPROACHABLE_CONCURRENCY = YES;
				SWIFT_EMIT_LOC_STRINGS = NO;
				SWIFT_UPCOMING_FEATURE_MEMBER_IMPORT_VISIBILITY = YES;
				SWIFT_VERSION = 5.0;
				TARGETED_DEVICE_FAMILY = "1,2";
				TEST_HOST = "$(BUILT_PRODUCTS_DIR)/Cooking Timer.app/$(BUNDLE_EXECUTABLE_FOLDER_PATH)/Cooking Timer";
			};
			name = Release;
		};
		3B33BCF52F33D8DF0021499B /* Debug */ = {
			isa = XCBuildConfiguration;
			buildSettings = {
				CODE_SIGN_STYLE = Automatic;
				CURRENT_PROJECT_VERSION = 1;
				GENERATE_INFOPLIST_FILE = YES;
				MARKETING_VERSION = 1.0;
				PRODUCT_BUNDLE_IDENTIFIER = "com.reconnectingit.Cooking-TimerUITests";
				PRODUCT_NAME = "$(TARGET_NAME)";
				STRING_CATALOG_GENERATE_SYMBOLS = NO;
				SWIFT_APPROACHABLE_CONCURRENCY = YES;
				SWIFT_EMIT_LOC_STRINGS = NO;
				SWIFT_UPCOMING_FEATURE_MEMBER_IMPORT_VISIBILITY = YES;
				SWIFT_VERSION = 5.0;
				TARGETED_DEVICE_FAMILY = "1,2";
				TEST_TARGET_NAME = "Cooking Timer";
			};
			name = Debug;
		};
		3B33BCF62F33D8DF0021499B /* Release */ = {
			isa = XCBuildConfiguration;
			buildSettings = {
				CODE_SIGN_STYLE = Automatic;
				CURRENT_PROJECT_VERSION = 1;
				GENERATE_INFOPLIST_FILE = YES;
				MARKETING_VERSION = 1.0;
				PRODUCT_BUNDLE_IDENTIFIER = "com.reconnectingit.Cooking-TimerUITests";
				PRODUCT_NAME = "$(TARGET_NAME)";
				STRING_CATALOG_GENERATE_SYMBOLS = NO;
				SWIFT_APPROACHABLE_CONCURRENCY = YES;
				SWIFT_EMIT_LOC_STRINGS = NO;
				SWIFT_UPCOMING_FEATURE_MEMBER_IMPORT_VISIBILITY = YES;
				SWIFT_VERSION = 5.0;
				TARGETED_DEVICE_FAMILY = "1,2";
				TEST_TARGET_NAME = "Cooking Timer";
			};
			name = Release;
		};
/* End XCBuildConfiguration section */

/* Begin XCConfigurationList section */
		3B33BCC32F33D8DD0021499B /* Build configuration list for PBXProject "Cooking Timer" */ = {
			isa = XCConfigurationList;
			buildConfigurations = (
				3B33BCEF2F33D8DF0021499B /* Debug */,
				3B33BCF02F33D8DF0021499B /* Release */,
			);
			defaultConfigurationIsVisible = 0;
			defaultConfigurationName = Release;
		};
		3B33BCEC2F33D8DF0021499B /* Build configuration list for PBXNativeTarget "Cooking Timer" */ = {
			isa = XCConfigurationList;
			buildConfigurations = (
				3B33BCED2F33D8DF0021499B /* Debug */,
				3B33BCEE2F33D8DF0021499B /* Release */,
			);
			defaultConfigurationIsVisible = 0;
			defaultConfigurationName = Release;
		};
		3B33BCF12F33D8DF0021499B /* Build configuration list for PBXNativeTarget "Cooking TimerTests" */ = {
			isa = XCConfigurationList;
			buildConfigurations = (
				3B33BCF22F33D8DF0021499B /* Debug */,
				3B33BCF32F33D8DF0021499B /* Release */,
			);
			defaultConfigurationIsVisible = 0;
			defaultConfigurationName = Release;
		};
		3B33BCF42F33D8DF0021499B /* Build configuration list for PBXNativeTarget "Cooking TimerUITests" */ = {
			isa = XCConfigurationList;
			buildConfigurations = (
				3B33BCF52F33D8DF0021499B /* Debug */,
				3B33BCF62F33D8DF0021499B /* Release */,
			);
			defaultConfigurationIsVisible = 0;
			defaultConfigurationName = Release;
		};
/* End XCConfigurationList section */
	};
	rootObject = 3B33BCC02F33D8DD0021499B /* Project object */;
}
